
Microsoft Visual Studio Solution File, Format Version 12.00
# Visual Studio Version 16
VisualStudioVersion = 16.0.32630.194
MinimumVisualStudioVersion = 10.0.40219.1
Project("{FAE04EC0-301F-11D3-BF4B-00C04F79EFBC}") = "FileBackup", "FileBackup.csproj", "{2D98CA51-0509-4B5E-80CC-C6E31B3F0F39}"
EndProject
Global
	GlobalSection(SolutionConfigurationPlatforms) = preSolution
		Debug|Any CPU = Debug|Any CPU
		Release|Any CPU = Release|Any CPU
	EndGlobalSection
	GlobalSection(ProjectConfigurationPlatforms) = postSolution
		{2D98CA51-0509-4B5E-80CC-C6E31B3F0F39}.Debug|Any CPU.ActiveCfg = Debug|Any CPU
		{2D98CA51-0509-4B5E-80CC-C6E31B3F0F39}.Debug|Any CPU.Build.0 = Debug|Any CPU
		{2D98CA51-0509-4B5E-80CC-C6E31B3F0F39}.Release|Any CPU.ActiveCfg = Release|Any CPU
		{2D98CA51-0509-4B5E-80CC-C6E31B3F0F39}.Release|Any CPU.Build.0 = Release|Any CPU
	EndGlobalSection
	GlobalSection(SolutionProperties) = preSolution
		HideSolutionNode = FALSE
	EndGlobalSection
	GlobalSection(ExtensibilityGlobals) = postSolution
		SolutionGuid = {058B0943-23F5-45D4-BA5A-4D73CE984D3E}
	EndGlobalSection
EndGlobal
